
Microsoft Visual Studio Solution File, Format Version 11.00
# Visual Studio 2010
Project("{FAE04EC0-301F-11D3-BF4B-00C04F79EFBC}") = "WebApi.Core", "WebApi.Core\WebApi.Core.csproj", "{B18729F3-8088-47C3-B759-8BBDD849A80A}"
EndProject
Project("{FAE04EC0-301F-11D3-BF4B-00C04F79EFBC}") = "WebApi.Host", "WebApi.Host\WebApi.Host.csproj", "{2913CF3A-71D5-4A64-9057-04997F1BA43A}"
EndProject
Project("{2150E333-8FDC-42A3-9474-1A3956D46DE8}") = "Source Code", "Source Code", "{D5F289AA-59D4-4336-80FB-20C0763819ED}"
EndProject
Project("{2150E333-8FDC-42A3-9474-1A3956D46DE8}") = "Tests", "Tests", "{A353233F-F2CC-42DE-BBA6-B02845844C52}"
EndProject
Project("{FAE04EC0-301F-11D3-BF4B-00C04F79EFBC}") = "WebApi.Tests", "WebApi.Tests\WebApi.Tests.csproj", "{E634BA85-4F12-418D-8F1A-CF03404A6680}"
EndProject
Project("{2150E333-8FDC-42A3-9474-1A3956D46DE8}") = "Solution Items", "Solution Items", "{3A2CC2C7-BA25-4DFC-B6FD-7B39C28F0ED1}"
	ProjectSection(SolutionItems) = preProject
		Local.testsettings = Local.testsettings
		TraceAndTestImpact.testsettings = TraceAndTestImpact.testsettings
		WebApi.vsmdi = WebApi.vsmdi
	EndProjectSection
EndProject
Project("{E24C65DC-7377-472B-9ABA-BC803B73C61A}") = "WebApi.Site", "WebApi.Site", "{3F63D960-28C5-40AD-A49E-135913945AA9}"
	ProjectSection(WebsiteProperties) = preProject
		TargetFrameworkMoniker = ".NETFramework,Version%3Dv4.0"
		ProjectReferences = "{B18729F3-8088-47C3-B759-8BBDD849A80A}|WebApi.Core.dll;"
		Debug.AspNetCompiler.VirtualPath = "/WebApi.Site"
		Debug.AspNetCompiler.PhysicalPath = "WebApi.Site\"
		Debug.AspNetCompiler.TargetPath = "PrecompiledWeb\WebApi.Site\"
		Debug.AspNetCompiler.Updateable = "true"
		Debug.AspNetCompiler.ForceOverwrite = "true"
		Debug.AspNetCompiler.FixedNames = "false"
		Debug.AspNetCompiler.Debug = "True"
		Release.AspNetCompiler.VirtualPath = "/WebApi.Site"
		Release.AspNetCompiler.PhysicalPath = "WebApi.Site\"
		Release.AspNetCompiler.TargetPath = "PrecompiledWeb\WebApi.Site\"
		Release.AspNetCompiler.Updateable = "true"
		Release.AspNetCompiler.ForceOverwrite = "true"
		Release.AspNetCompiler.FixedNames = "false"
		Release.AspNetCompiler.Debug = "False"
		VWDPort = "8089"
		VWDDynamicPort = "false"
		VWDVirtualPath = "/"
		DefaultWebSiteLanguage = "Visual C#"
	EndProjectSection
EndProject
Project("{F088123C-0E9E-452A-89E6-6BA2F21D5CAC}") = "WebApi.Modeling", "WebApi.Modeling\WebApi.Modeling.modelproj", "{F32C12D9-FE38-4805-9E57-935601C04891}"
EndProject
Project("{FAE04EC0-301F-11D3-BF4B-00C04F79EFBC}") = "WebApi.Mvc", "WebApi.Mvc\WebApi.Mvc.csproj", "{A3D72652-274C-4412-8609-C2A447BE6BF3}"
EndProject
Project("{FAE04EC0-301F-11D3-BF4B-00C04F79EFBC}") = "WebApi.Console", "WebApi.Console\WebApi.Console.csproj", "{8A13EFB1-7B62-490D-8FCD-100A5BAD5D4C}"
EndProject
Project("{2150E333-8FDC-42A3-9474-1A3956D46DE8}") = "1-BASIC", "1-BASIC", "{07D2DC76-B766-4C26-BCE3-42E1B20FE449}"
EndProject
Project("{2150E333-8FDC-42A3-9474-1A3956D46DE8}") = "2-ADVANCED", "2-ADVANCED", "{5135FAC7-2042-499F-A1C2-7C23650B7D72}"
EndProject
Project("{2150E333-8FDC-42A3-9474-1A3956D46DE8}") = ".nuget", ".nuget", "{10C25EE7-4A15-43A9-8030-B23C7DAF2321}"
	ProjectSection(SolutionItems) = preProject
		.nuget\NuGet.Config = .nuget\NuGet.Config
		.nuget\NuGet.exe = .nuget\NuGet.exe
		.nuget\NuGet.targets = .nuget\NuGet.targets
	EndProjectSection
EndProject
Global
	GlobalSection(TestCaseManagementSettings) = postSolution
		CategoryFile = WebApi.vsmdi
	EndGlobalSection
	GlobalSection(SolutionConfigurationPlatforms) = preSolution
		CodeAnalysis|Any CPU = CodeAnalysis|Any CPU
		CodeAnalysis|Mixed Platforms = CodeAnalysis|Mixed Platforms
		CodeAnalysis|x86 = CodeAnalysis|x86
		Debug|Any CPU = Debug|Any CPU
		Debug|Mixed Platforms = Debug|Mixed Platforms
		Debug|x86 = Debug|x86
		Release|Any CPU = Release|Any CPU
		Release|Mixed Platforms = Release|Mixed Platforms
		Release|x86 = Release|x86
	EndGlobalSection
	GlobalSection(ProjectConfigurationPlatforms) = postSolution
		{B18729F3-8088-47C3-B759-8BBDD849A80A}.CodeAnalysis|Any CPU.ActiveCfg = Release|Any CPU
		{B18729F3-8088-47C3-B759-8BBDD849A80A}.CodeAnalysis|Any CPU.Build.0 = Release|Any CPU
		{B18729F3-8088-47C3-B759-8BBDD849A80A}.CodeAnalysis|Mixed Platforms.ActiveCfg = Release|Any CPU
		{B18729F3-8088-47C3-B759-8BBDD849A80A}.CodeAnalysis|Mixed Platforms.Build.0 = Release|Any CPU
		{B18729F3-8088-47C3-B759-8BBDD849A80A}.CodeAnalysis|x86.ActiveCfg = Release|Any CPU
		{B18729F3-8088-47C3-B759-8BBDD849A80A}.Debug|Any CPU.ActiveCfg = Debug|Any CPU
		{B18729F3-8088-47C3-B759-8BBDD849A80A}.Debug|Any CPU.Build.0 = Debug|Any CPU
		{B18729F3-8088-47C3-B759-8BBDD849A80A}.Debug|Mixed Platforms.ActiveCfg = Debug|Any CPU
		{B18729F3-8088-47C3-B759-8BBDD849A80A}.Debug|Mixed Platforms.Build.0 = Debug|Any CPU
		{B18729F3-8088-47C3-B759-8BBDD849A80A}.Debug|x86.ActiveCfg = Debug|Any CPU
		{B18729F3-8088-47C3-B759-8BBDD849A80A}.Release|Any CPU.ActiveCfg = Release|Any CPU
		{B18729F3-8088-47C3-B759-8BBDD849A80A}.Release|Any CPU.Build.0 = Release|Any CPU
		{B18729F3-8088-47C3-B759-8BBDD849A80A}.Release|Mixed Platforms.ActiveCfg = Release|Any CPU
		{B18729F3-8088-47C3-B759-8BBDD849A80A}.Release|Mixed Platforms.Build.0 = Release|Any CPU
		{B18729F3-8088-47C3-B759-8BBDD849A80A}.Release|x86.ActiveCfg = Release|Any CPU
		{2913CF3A-71D5-4A64-9057-04997F1BA43A}.CodeAnalysis|Any CPU.ActiveCfg = Release|x86
		{2913CF3A-71D5-4A64-9057-04997F1BA43A}.CodeAnalysis|Mixed Platforms.ActiveCfg = Release|x86
		{2913CF3A-71D5-4A64-9057-04997F1BA43A}.CodeAnalysis|Mixed Platforms.Build.0 = Release|x86
		{2913CF3A-71D5-4A64-9057-04997F1BA43A}.CodeAnalysis|x86.ActiveCfg = Release|x86
		{2913CF3A-71D5-4A64-9057-04997F1BA43A}.CodeAnalysis|x86.Build.0 = Release|x86
		{2913CF3A-71D5-4A64-9057-04997F1BA43A}.Debug|Any CPU.ActiveCfg = Debug|x86
		{2913CF3A-71D5-4A64-9057-04997F1BA43A}.Debug|Mixed Platforms.ActiveCfg = Debug|x86
		{2913CF3A-71D5-4A64-9057-04997F1BA43A}.Debug|Mixed Platforms.Build.0 = Debug|x86
		{2913CF3A-71D5-4A64-9057-04997F1BA43A}.Debug|x86.ActiveCfg = Debug|x86
		{2913CF3A-71D5-4A64-9057-04997F1BA43A}.Debug|x86.Build.0 = Debug|x86
		{2913CF3A-71D5-4A64-9057-04997F1BA43A}.Release|Any CPU.ActiveCfg = Release|x86
		{2913CF3A-71D5-4A64-9057-04997F1BA43A}.Release|Mixed Platforms.ActiveCfg = Release|x86
		{2913CF3A-71D5-4A64-9057-04997F1BA43A}.Release|Mixed Platforms.Build.0 = Release|x86
		{2913CF3A-71D5-4A64-9057-04997F1BA43A}.Release|x86.ActiveCfg = Release|x86
		{2913CF3A-71D5-4A64-9057-04997F1BA43A}.Release|x86.Build.0 = Release|x86
		{E634BA85-4F12-418D-8F1A-CF03404A6680}.CodeAnalysis|Any CPU.ActiveCfg = Release|Any CPU
		{E634BA85-4F12-418D-8F1A-CF03404A6680}.CodeAnalysis|Any CPU.Build.0 = Release|Any CPU
		{E634BA85-4F12-418D-8F1A-CF03404A6680}.CodeAnalysis|Mixed Platforms.ActiveCfg = Release|Any CPU
		{E634BA85-4F12-418D-8F1A-CF03404A6680}.CodeAnalysis|Mixed Platforms.Build.0 = Release|Any CPU
		{E634BA85-4F12-418D-8F1A-CF03404A6680}.CodeAnalysis|x86.ActiveCfg = Release|Any CPU
		{E634BA85-4F12-418D-8F1A-CF03404A6680}.Debug|Any CPU.ActiveCfg = Debug|Any CPU
		{E634BA85-4F12-418D-8F1A-CF03404A6680}.Debug|Any CPU.Build.0 = Debug|Any CPU
		{E634BA85-4F12-418D-8F1A-CF03404A6680}.Debug|Mixed Platforms.ActiveCfg = Debug|Any CPU
		{E634BA85-4F12-418D-8F1A-CF03404A6680}.Debug|Mixed Platforms.Build.0 = Debug|Any CPU
		{E634BA85-4F12-418D-8F1A-CF03404A6680}.Debug|x86.ActiveCfg = Debug|Any CPU
		{E634BA85-4F12-418D-8F1A-CF03404A6680}.Release|Any CPU.ActiveCfg = Release|Any CPU
		{E634BA85-4F12-418D-8F1A-CF03404A6680}.Release|Any CPU.Build.0 = Release|Any CPU
		{E634BA85-4F12-418D-8F1A-CF03404A6680}.Release|Mixed Platforms.ActiveCfg = Release|Any CPU
		{E634BA85-4F12-418D-8F1A-CF03404A6680}.Release|Mixed Platforms.Build.0 = Release|Any CPU
		{E634BA85-4F12-418D-8F1A-CF03404A6680}.Release|x86.ActiveCfg = Release|Any CPU
		{3F63D960-28C5-40AD-A49E-135913945AA9}.CodeAnalysis|Any CPU.ActiveCfg = Debug|Any CPU
		{3F63D960-28C5-40AD-A49E-135913945AA9}.CodeAnalysis|Any CPU.Build.0 = Debug|Any CPU
		{3F63D960-28C5-40AD-A49E-135913945AA9}.CodeAnalysis|Mixed Platforms.ActiveCfg = Debug|Any CPU
		{3F63D960-28C5-40AD-A49E-135913945AA9}.CodeAnalysis|Mixed Platforms.Build.0 = Debug|Any CPU
		{3F63D960-28C5-40AD-A49E-135913945AA9}.CodeAnalysis|x86.ActiveCfg = Debug|Any CPU
		{3F63D960-28C5-40AD-A49E-135913945AA9}.Debug|Any CPU.ActiveCfg = Debug|Any CPU
		{3F63D960-28C5-40AD-A49E-135913945AA9}.Debug|Any CPU.Build.0 = Debug|Any CPU
		{3F63D960-28C5-40AD-A49E-135913945AA9}.Debug|Mixed Platforms.ActiveCfg = Debug|Any CPU
		{3F63D960-28C5-40AD-A49E-135913945AA9}.Debug|Mixed Platforms.Build.0 = Debug|Any CPU
		{3F63D960-28C5-40AD-A49E-135913945AA9}.Debug|x86.ActiveCfg = Debug|Any CPU
		{3F63D960-28C5-40AD-A49E-135913945AA9}.Release|Any CPU.ActiveCfg = Debug|Any CPU
		{3F63D960-28C5-40AD-A49E-135913945AA9}.Release|Any CPU.Build.0 = Debug|Any CPU
		{3F63D960-28C5-40AD-A49E-135913945AA9}.Release|Mixed Platforms.ActiveCfg = Debug|Any CPU
		{3F63D960-28C5-40AD-A49E-135913945AA9}.Release|Mixed Platforms.Build.0 = Debug|Any CPU
		{3F63D960-28C5-40AD-A49E-135913945AA9}.Release|x86.ActiveCfg = Debug|Any CPU
		{F32C12D9-FE38-4805-9E57-935601C04891}.CodeAnalysis|Any CPU.ActiveCfg = Release|Any CPU
		{F32C12D9-FE38-4805-9E57-935601C04891}.CodeAnalysis|Any CPU.Build.0 = Release|Any CPU
		{F32C12D9-FE38-4805-9E57-935601C04891}.CodeAnalysis|Mixed Platforms.ActiveCfg = Release|Any CPU
		{F32C12D9-FE38-4805-9E57-935601C04891}.CodeAnalysis|Mixed Platforms.Build.0 = Release|Any CPU
		{F32C12D9-FE38-4805-9E57-935601C04891}.CodeAnalysis|x86.ActiveCfg = Release|Any CPU
		{F32C12D9-FE38-4805-9E57-935601C04891}.Debug|Any CPU.ActiveCfg = Debug|Any CPU
		{F32C12D9-FE38-4805-9E57-935601C04891}.Debug|Any CPU.Build.0 = Debug|Any CPU
		{F32C12D9-FE38-4805-9E57-935601C04891}.Debug|Mixed Platforms.ActiveCfg = Debug|Any CPU
		{F32C12D9-FE38-4805-9E57-935601C04891}.Debug|Mixed Platforms.Build.0 = Debug|Any CPU
		{F32C12D9-FE38-4805-9E57-935601C04891}.Debug|x86.ActiveCfg = Debug|Any CPU
		{F32C12D9-FE38-4805-9E57-935601C04891}.Release|Any CPU.ActiveCfg = Release|Any CPU
		{F32C12D9-FE38-4805-9E57-935601C04891}.Release|Any CPU.Build.0 = Release|Any CPU
		{F32C12D9-FE38-4805-9E57-935601C04891}.Release|Mixed Platforms.ActiveCfg = Release|Any CPU
		{F32C12D9-FE38-4805-9E57-935601C04891}.Release|Mixed Platforms.Build.0 = Release|Any CPU
		{F32C12D9-FE38-4805-9E57-935601C04891}.Release|x86.ActiveCfg = Release|Any CPU
		{A3D72652-274C-4412-8609-C2A447BE6BF3}.CodeAnalysis|Any CPU.ActiveCfg = Release|Any CPU
		{A3D72652-274C-4412-8609-C2A447BE6BF3}.CodeAnalysis|Any CPU.Build.0 = Release|Any CPU
		{A3D72652-274C-4412-8609-C2A447BE6BF3}.CodeAnalysis|Mixed Platforms.ActiveCfg = Release|Any CPU
		{A3D72652-274C-4412-8609-C2A447BE6BF3}.CodeAnalysis|Mixed Platforms.Build.0 = Release|Any CPU
		{A3D72652-274C-4412-8609-C2A447BE6BF3}.CodeAnalysis|x86.ActiveCfg = Release|Any CPU
		{A3D72652-274C-4412-8609-C2A447BE6BF3}.Debug|Any CPU.ActiveCfg = Debug|Any CPU
		{A3D72652-274C-4412-8609-C2A447BE6BF3}.Debug|Any CPU.Build.0 = Debug|Any CPU
		{A3D72652-274C-4412-8609-C2A447BE6BF3}.Debug|Mixed Platforms.ActiveCfg = Debug|Any CPU
		{A3D72652-274C-4412-8609-C2A447BE6BF3}.Debug|Mixed Platforms.Build.0 = Debug|Any CPU
		{A3D72652-274C-4412-8609-C2A447BE6BF3}.Debug|x86.ActiveCfg = Debug|Any CPU
		{A3D72652-274C-4412-8609-C2A447BE6BF3}.Release|Any CPU.ActiveCfg = Release|Any CPU
		{A3D72652-274C-4412-8609-C2A447BE6BF3}.Release|Any CPU.Build.0 = Release|Any CPU
		{A3D72652-274C-4412-8609-C2A447BE6BF3}.Release|Mixed Platforms.ActiveCfg = Release|Any CPU
		{A3D72652-274C-4412-8609-C2A447BE6BF3}.Release|Mixed Platforms.Build.0 = Release|Any CPU
		{A3D72652-274C-4412-8609-C2A447BE6BF3}.Release|x86.ActiveCfg = Release|Any CPU
		{8A13EFB1-7B62-490D-8FCD-100A5BAD5D4C}.CodeAnalysis|Any CPU.ActiveCfg = Release|x86
		{8A13EFB1-7B62-490D-8FCD-100A5BAD5D4C}.CodeAnalysis|Mixed Platforms.ActiveCfg = Release|x86
		{8A13EFB1-7B62-490D-8FCD-100A5BAD5D4C}.CodeAnalysis|Mixed Platforms.Build.0 = Release|x86
		{8A13EFB1-7B62-490D-8FCD-100A5BAD5D4C}.CodeAnalysis|x86.ActiveCfg = Release|x86
		{8A13EFB1-7B62-490D-8FCD-100A5BAD5D4C}.CodeAnalysis|x86.Build.0 = Release|x86
		{8A13EFB1-7B62-490D-8FCD-100A5BAD5D4C}.Debug|Any CPU.ActiveCfg = Debug|x86
		{8A13EFB1-7B62-490D-8FCD-100A5BAD5D4C}.Debug|Mixed Platforms.ActiveCfg = Debug|x86
		{8A13EFB1-7B62-490D-8FCD-100A5BAD5D4C}.Debug|Mixed Platforms.Build.0 = Debug|x86
		{8A13EFB1-7B62-490D-8FCD-100A5BAD5D4C}.Debug|x86.ActiveCfg = Debug|x86
		{8A13EFB1-7B62-490D-8FCD-100A5BAD5D4C}.Debug|x86.Build.0 = Debug|x86
		{8A13EFB1-7B62-490D-8FCD-100A5BAD5D4C}.Release|Any CPU.ActiveCfg = Release|x86
		{8A13EFB1-7B62-490D-8FCD-100A5BAD5D4C}.Release|Mixed Platforms.ActiveCfg = Release|x86
		{8A13EFB1-7B62-490D-8FCD-100A5BAD5D4C}.Release|Mixed Platforms.Build.0 = Release|x86
		{8A13EFB1-7B62-490D-8FCD-100A5BAD5D4C}.Release|x86.ActiveCfg = Release|x86
		{8A13EFB1-7B62-490D-8FCD-100A5BAD5D4C}.Release|x86.Build.0 = Release|x86
	EndGlobalSection
	GlobalSection(SolutionProperties) = preSolution
		HideSolutionNode = FALSE
	EndGlobalSection
	GlobalSection(NestedProjects) = preSolution
		{5135FAC7-2042-499F-A1C2-7C23650B7D72} = {D5F289AA-59D4-4336-80FB-20C0763819ED}
		{07D2DC76-B766-4C26-BCE3-42E1B20FE449} = {D5F289AA-59D4-4336-80FB-20C0763819ED}
		{B18729F3-8088-47C3-B759-8BBDD849A80A} = {5135FAC7-2042-499F-A1C2-7C23650B7D72}
		{3F63D960-28C5-40AD-A49E-135913945AA9} = {5135FAC7-2042-499F-A1C2-7C23650B7D72}
		{F32C12D9-FE38-4805-9E57-935601C04891} = {5135FAC7-2042-499F-A1C2-7C23650B7D72}
		{2913CF3A-71D5-4A64-9057-04997F1BA43A} = {5135FAC7-2042-499F-A1C2-7C23650B7D72}
		{E634BA85-4F12-418D-8F1A-CF03404A6680} = {A353233F-F2CC-42DE-BBA6-B02845844C52}
		{3A2CC2C7-BA25-4DFC-B6FD-7B39C28F0ED1} = {A353233F-F2CC-42DE-BBA6-B02845844C52}
		{8A13EFB1-7B62-490D-8FCD-100A5BAD5D4C} = {07D2DC76-B766-4C26-BCE3-42E1B20FE449}
		{A3D72652-274C-4412-8609-C2A447BE6BF3} = {07D2DC76-B766-4C26-BCE3-42E1B20FE449}
	EndGlobalSection
	GlobalSection(ExtensibilityGlobals) = postSolution
		EnterpriseLibraryConfigurationToolBinariesPath = packages\Unity.2.1.505.2\lib\NET35
	EndGlobalSection
EndGlobal
